// !$*UTF8*$!
{
	archiveVersion = 1;
	classes = {
	};
	objectVersion = 50;
	objects = {

/* Begin PBXBuildFile section */
		8A156EBD2316529E00064A8A /* DefaultSettings.swift in Sources */ = {isa = PBXBuildFile; fileRef = 8A156EBC2316529E00064A8A /* DefaultSettings.swift */; };
		8A156EBF2316531700064A8A /* WindowController.swift in Sources */ = {isa = PBXBuildFile; fileRef = 8A156EBE2316531700064A8A /* WindowController.swift */; };
		8A7DA568231657620059B5C9 /* Extensions.swift in Sources */ = {isa = PBXBuildFile; fileRef = 8A7DA567231657620059B5C9 /* Extensions.swift */; };
		8ABBBF6323190B6F00FA04A9 /* MainSplitViewController.swift in Sources */ = {isa = PBXBuildFile; fileRef = 8ABBBF6223190B6F00FA04A9 /* MainSplitViewController.swift */; };
		8ABBBF6523190BF200FA04A9 /* NSButtonCounter.swift in Sources */ = {isa = PBXBuildFile; fileRef = 8ABBBF6423190BF200FA04A9 /* NSButtonCounter.swift */; };
		8ABBBF6723190C0400FA04A9 /* NSButtonCellCounter.swift in Sources */ = {isa = PBXBuildFile; fileRef = 8ABBBF6623190C0400FA04A9 /* NSButtonCellCounter.swift */; };
		8ABBBF69231912BF00FA04A9 /* LeftViewController.swift in Sources */ = {isa = PBXBuildFile; fileRef = 8ABBBF68231912BF00FA04A9 /* LeftViewController.swift */; };
		8ABBBF6E231950BB00FA04A9 /* MidiSettingsViewController.swift in Sources */ = {isa = PBXBuildFile; fileRef = 8ABBBF6D231950BB00FA04A9 /* MidiSettingsViewController.swift */; };
		8ABBBF712319521C00FA04A9 /* Preferences.storyboard in Resources */ = {isa = PBXBuildFile; fileRef = 8ABBBF6F2319521C00FA04A9 /* Preferences.storyboard */; };
		8ABBBF73231957AC00FA04A9 /* MotusLabFile.swift in Sources */ = {isa = PBXBuildFile; fileRef = 8ABBBF72231957AC00FA04A9 /* MotusLabFile.swift */; };
		8ABBBF752319583600FA04A9 /* MIDIControllerEvent.swift in Sources */ = {isa = PBXBuildFile; fileRef = 8ABBBF742319583600FA04A9 /* MIDIControllerEvent.swift */; };
		8ABBBF772319585F00FA04A9 /* AcousmoniumFile.swift in Sources */ = {isa = PBXBuildFile; fileRef = 8ABBBF762319585F00FA04A9 /* AcousmoniumFile.swift */; };
		8ABBBF7A23195A0900FA04A9 /* MIDITools.swift in Sources */ = {isa = PBXBuildFile; fileRef = 8ABBBF7923195A0900FA04A9 /* MIDITools.swift */; };
		8AE191732315045C006CD958 /* AppDelegate.swift in Sources */ = {isa = PBXBuildFile; fileRef = 8AE191722315045C006CD958 /* AppDelegate.swift */; };
		8AE191772315045D006CD958 /* Assets.xcassets in Resources */ = {isa = PBXBuildFile; fileRef = 8AE191762315045D006CD958 /* Assets.xcassets */; };
		8AE1917A2315045D006CD958 /* Main.storyboard in Resources */ = {isa = PBXBuildFile; fileRef = 8AE191782315045D006CD958 /* Main.storyboard */; };
/* End PBXBuildFile section */

/* Begin PBXFileReference section */
		8A156EBC2316529E00064A8A /* DefaultSettings.swift */ = {isa = PBXFileReference; lastKnownFileType = sourcecode.swift; path = DefaultSettings.swift; sourceTree = "<group>"; };
		8A156EBE2316531700064A8A /* WindowController.swift */ = {isa = PBXFileReference; lastKnownFileType = sourcecode.swift; path = WindowController.swift; sourceTree = "<group>"; };
		8A7DA567231657620059B5C9 /* Extensions.swift */ = {isa = PBXFileReference; lastKnownFileType = sourcecode.swift; path = Extensions.swift; sourceTree = "<group>"; };
		8ABBBF6223190B6F00FA04A9 /* MainSplitViewController.swift */ = {isa = PBXFileReference; lastKnownFileType = sourcecode.swift; path = MainSplitViewController.swift; sourceTree = "<group>"; };
		8ABBBF6423190BF200FA04A9 /* NSButtonCounter.swift */ = {isa = PBXFileReference; lastKnownFileType = sourcecode.swift; path = NSButtonCounter.swift; sourceTree = "<group>"; };
		8ABBBF6623190C0400FA04A9 /* NSButtonCellCounter.swift */ = {isa = PBXFileReference; lastKnownFileType = sourcecode.swift; path = NSButtonCellCounter.swift; sourceTree = "<group>"; };
		8ABBBF68231912BF00FA04A9 /* LeftViewController.swift */ = {isa = PBXFileReference; lastKnownFileType = sourcecode.swift; path = LeftViewController.swift; sourceTree = "<group>"; };
		8ABBBF6D231950BB00FA04A9 /* MidiSettingsViewController.swift */ = {isa = PBXFileReference; lastKnownFileType = sourcecode.swift; path = MidiSettingsViewController.swift; sourceTree = "<group>"; };
		8ABBBF702319521C00FA04A9 /* Base */ = {isa = PBXFileReference; lastKnownFileType = file.storyboard; name = Base; path = Base.lproj/Preferences.storyboard; sourceTree = "<group>"; };
		8ABBBF72231957AC00FA04A9 /* MotusLabFile.swift */ = {isa = PBXFileReference; lastKnownFileType = sourcecode.swift; path = MotusLabFile.swift; sourceTree = "<group>"; };
		8ABBBF742319583600FA04A9 /* MIDIControllerEvent.swift */ = {isa = PBXFileReference; lastKnownFileType = sourcecode.swift; path = MIDIControllerEvent.swift; sourceTree = "<group>"; };
		8ABBBF762319585F00FA04A9 /* AcousmoniumFile.swift */ = {isa = PBXFileReference; lastKnownFileType = sourcecode.swift; path = AcousmoniumFile.swift; sourceTree = "<group>"; };
		8ABBBF7923195A0900FA04A9 /* MIDITools.swift */ = {isa = PBXFileReference; lastKnownFileType = sourcecode.swift; path = MIDITools.swift; sourceTree = "<group>"; };
		8AE1916F2315045C006CD958 /* MotusLabTool.app */ = {isa = PBXFileReference; explicitFileType = wrapper.application; includeInIndex = 0; path = MotusLabTool.app; sourceTree = BUILT_PRODUCTS_DIR; };
		8AE191722315045C006CD958 /* AppDelegate.swift */ = {isa = PBXFileReference; lastKnownFileType = sourcecode.swift; path = AppDelegate.swift; sourceTree = "<group>"; };
		8AE191762315045D006CD958 /* Assets.xcassets */ = {isa = PBXFileReference; lastKnownFileType = folder.assetcatalog; path = Assets.xcassets; sourceTree = "<group>"; };
		8AE191792315045D006CD958 /* Base */ = {isa = PBXFileReference; lastKnownFileType = file.storyboard; name = Base; path = Base.lproj/Main.storyboard; sourceTree = "<group>"; };
		8AE1917B2315045D006CD958 /* Info.plist */ = {isa = PBXFileReference; lastKnownFileType = text.plist.xml; path = Info.plist; sourceTree = "<group>"; };
		8AE1917C2315045D006CD958 /* MotusLabTool.entitlements */ = {isa = PBXFileReference; lastKnownFileType = text.plist.entitlements; path = MotusLabTool.entitlements; sourceTree = "<group>"; };
/* End PBXFileReference section */

/* Begin PBXFrameworksBuildPhase section */
		8AE1916C2315045C006CD958 /* Frameworks */ = {
			isa = PBXFrameworksBuildPhase;
			buildActionMask = 2147483647;
			files = (
			);
			runOnlyForDeploymentPostprocessing = 0;
		};
/* End PBXFrameworksBuildPhase section */

/* Begin PBXGroup section */
		8ABBBF78231958B500FA04A9 /* Files */ = {
			isa = PBXGroup;
			children = (
				8ABBBF72231957AC00FA04A9 /* MotusLabFile.swift */,
				8ABBBF742319583600FA04A9 /* MIDIControllerEvent.swift */,
				8ABBBF762319585F00FA04A9 /* AcousmoniumFile.swift */,
			);
			path = Files;
			sourceTree = "<group>";
		};
		8AE191662315045C006CD958 = {
			isa = PBXGroup;
			children = (
				8AE191712315045C006CD958 /* MotusLabTool */,
				8AE191702315045C006CD958 /* Products */,
			);
			sourceTree = "<group>";
		};
		8AE191702315045C006CD958 /* Products */ = {
			isa = PBXGroup;
			children = (
				8AE1916F2315045C006CD958 /* MotusLabTool.app */,
			);
			name = Products;
			sourceTree = "<group>";
		};
		8AE191712315045C006CD958 /* MotusLabTool */ = {
			isa = PBXGroup;
			children = (
				8AE191722315045C006CD958 /* AppDelegate.swift */,
				8A156EBE2316531700064A8A /* WindowController.swift */,
				8ABBBF6D231950BB00FA04A9 /* MidiSettingsViewController.swift */,
				8ABBBF6223190B6F00FA04A9 /* MainSplitViewController.swift */,
				8ABBBF68231912BF00FA04A9 /* LeftViewController.swift */,
				8A156EBC2316529E00064A8A /* DefaultSettings.swift */,
				8A7DA567231657620059B5C9 /* Extensions.swift */,
				8ABBBF6423190BF200FA04A9 /* NSButtonCounter.swift */,
				8ABBBF6623190C0400FA04A9 /* NSButtonCellCounter.swift */,
				8ABBBF7923195A0900FA04A9 /* MIDITools.swift */,
				8ABBBF78231958B500FA04A9 /* Files */,
				8AE191762315045D006CD958 /* Assets.xcassets */,
				8AE191782315045D006CD958 /* Main.storyboard */,
				8ABBBF6F2319521C00FA04A9 /* Preferences.storyboard */,
				8AE1917B2315045D006CD958 /* Info.plist */,
				8AE1917C2315045D006CD958 /* MotusLabTool.entitlements */,
			);
			path = MotusLabTool;
			sourceTree = "<group>";
		};
/* End PBXGroup section */

/* Begin PBXNativeTarget section */
		8AE1916E2315045C006CD958 /* MotusLabTool */ = {
			isa = PBXNativeTarget;
			buildConfigurationList = 8AE1917F2315045D006CD958 /* Build configuration list for PBXNativeTarget "MotusLabTool" */;
			buildPhases = (
				8AE1916B2315045C006CD958 /* Sources */,
				8AE1916C2315045C006CD958 /* Frameworks */,
				8AE1916D2315045C006CD958 /* Resources */,
			);
			buildRules = (
			);
			dependencies = (
			);
			name = MotusLabTool;
			productName = MotusLabTool;
			productReference = 8AE1916F2315045C006CD958 /* MotusLabTool.app */;
			productType = "com.apple.product-type.application";
		};
/* End PBXNativeTarget section */

/* Begin PBXProject section */
		8AE191672315045C006CD958 /* Project object */ = {
			isa = PBXProject;
			attributes = {
				LastSwiftUpdateCheck = 1030;
				LastUpgradeCheck = 1030;
				ORGANIZATIONNAME = "Pierre Couprie";
				TargetAttributes = {
					8AE1916E2315045C006CD958 = {
						CreatedOnToolsVersion = 10.3;
						SystemCapabilities = {
							com.apple.HardenedRuntime = {
								enabled = 1;
							};
							com.apple.Sandbox = {
								enabled = 1;
							};
						};
					};
				};
			};
			buildConfigurationList = 8AE1916A2315045C006CD958 /* Build configuration list for PBXProject "MotusLabTool" */;
			compatibilityVersion = "Xcode 9.3";
			developmentRegion = en;
			hasScannedForEncodings = 0;
			knownRegions = (
				en,
				Base,
			);
			mainGroup = 8AE191662315045C006CD958;
			productRefGroup = 8AE191702315045C006CD958 /* Products */;
			projectDirPath = "";
			projectRoot = "";
			targets = (
				8AE1916E2315045C006CD958 /* MotusLabTool */,
			);
		};
/* End PBXProject section */

/* Begin PBXResourcesBuildPhase section */
		8AE1916D2315045C006CD958 /* Resources */ = {
			isa = PBXResourcesBuildPhase;
			buildActionMask = 2147483647;
			files = (
				8ABBBF712319521C00FA04A9 /* Preferences.storyboard in Resources */,
				8AE191772315045D006CD958 /* Assets.xcassets in Resources */,
				8AE1917A2315045D006CD958 /* Main.storyboard in Resources */,
			);
			runOnlyForDeploymentPostprocessing = 0;
		};
/* End PBXResourcesBuildPhase section */

/* Begin PBXSourcesBuildPhase section */
		8AE1916B2315045C006CD958 /* Sources */ = {
			isa = PBXSourcesBuildPhase;
			buildActionMask = 2147483647;
			files = (
				8ABBBF6323190B6F00FA04A9 /* MainSplitViewController.swift in Sources */,
				8A7DA568231657620059B5C9 /* Extensions.swift in Sources */,
				8ABBBF752319583600FA04A9 /* MIDIControllerEvent.swift in Sources */,
				8ABBBF6723190C0400FA04A9 /* NSButtonCellCounter.swift in Sources */,
				8ABBBF772319585F00FA04A9 /* AcousmoniumFile.swift in Sources */,
				8A156EBF2316531700064A8A /* WindowController.swift in Sources */,
				8ABBBF6E231950BB00FA04A9 /* MidiSettingsViewController.swift in Sources */,
				8AE191732315045C006CD958 /* AppDelegate.swift in Sources */,
				8ABBBF69231912BF00FA04A9 /* LeftViewController.swift in Sources */,
				8A156EBD2316529E00064A8A /* DefaultSettings.swift in Sources */,
				8ABBBF73231957AC00FA04A9 /* MotusLabFile.swift in Sources */,
				8ABBBF7A23195A0900FA04A9 /* MIDITools.swift in Sources */,
				8ABBBF6523190BF200FA04A9 /* NSButtonCounter.swift in Sources */,
			);
			runOnlyForDeploymentPostprocessing = 0;
		};
/* End PBXSourcesBuildPhase section */

/* Begin PBXVariantGroup section */
		8ABBBF6F2319521C00FA04A9 /* Preferences.storyboard */ = {
			isa = PBXVariantGroup;
			children = (
				8ABBBF702319521C00FA04A9 /* Base */,
			);
			name = Preferences.storyboard;
			sourceTree = "<group>";
		};
		8AE191782315045D006CD958 /* Main.storyboard */ = {
			isa = PBXVariantGroup;
			children = (
				8AE191792315045D006CD958 /* Base */,
			);
			name = Main.storyboard;
			sourceTree = "<group>";
		};
/* End PBXVariantGroup section */

/* Begin XCBuildConfiguration section */
		8AE1917D2315045D006CD958 /* Debug */ = {
			isa = XCBuildConfiguration;
			buildSettings = {
				ALWAYS_SEARCH_USER_PATHS = NO;
				CLANG_ANALYZER_NONNULL = YES;
				CLANG_ANALYZER_NUMBER_OBJECT_CONVERSION = YES_AGGRESSIVE;
				CLANG_CXX_LANGUAGE_STANDARD = "gnu++14";
				CLANG_CXX_LIBRARY = "libc++";
				CLANG_ENABLE_MODULES = YES;
				CLANG_ENABLE_OBJC_ARC = YES;
				CLANG_ENABLE_OBJC_WEAK = YES;
				CLANG_WARN_BLOCK_CAPTURE_AUTORELEASING = YES;
				CLANG_WARN_BOOL_CONVERSION = YES;
				CLANG_WARN_COMMA = YES;
				CLANG_WARN_CONSTANT_CONVERSION = YES;
				CLANG_WARN_DEPRECATED_OBJC_IMPLEMENTATIONS = YES;
				CLANG_WARN_DIRECT_OBJC_ISA_USAGE = YES_ERROR;
				CLANG_WARN_DOCUMENTATION_COMMENTS = YES;
				CLANG_WARN_EMPTY_BODY = YES;
				CLANG_WARN_ENUM_CONVERSION = YES;
				CLANG_WARN_INFINITE_RECURSION = YES;
				CLANG_WARN_INT_CONVERSION = YES;
				CLANG_WARN_NON_LITERAL_NULL_CONVERSION = YES;
				CLANG_WARN_OBJC_IMPLICIT_RETAIN_SELF = YES;
				CLANG_WARN_OBJC_LITERAL_CONVERSION = YES;
				CLANG_WARN_OBJC_ROOT_CLASS = YES_ERROR;
				CLANG_WARN_RANGE_LOOP_ANALYSIS = YES;
				CLANG_WARN_STRICT_PROTOTYPES = YES;
				CLANG_WARN_SUSPICIOUS_MOVE = YES;
				CLANG_WARN_UNGUARDED_AVAILABILITY = YES_AGGRESSIVE;
				CLANG_WARN_UNREACHABLE_CODE = YES;
				CLANG_WARN__DUPLICATE_METHOD_MATCH = YES;
				CODE_SIGN_IDENTITY = "Mac Developer";
				COPY_PHASE_STRIP = NO;
				DEBUG_INFORMATION_FORMAT = dwarf;
				ENABLE_STRICT_OBJC_MSGSEND = YES;
				ENABLE_TESTABILITY = YES;
				GCC_C_LANGUAGE_STANDARD = gnu11;
				GCC_DYNAMIC_NO_PIC = NO;
				GCC_NO_COMMON_BLOCKS = YES;
				GCC_OPTIMIZATION_LEVEL = 0;
				GCC_PREPROCESSOR_DEFINITIONS = (
					"DEBUG=1",
					"$(inherited)",
				);
				GCC_WARN_64_TO_32_BIT_CONVERSION = YES;
				GCC_WARN_ABOUT_RETURN_TYPE = YES_ERROR;
				GCC_WARN_UNDECLARED_SELECTOR = YES;
				GCC_WARN_UNINITIALIZED_AUTOS = YES_AGGRESSIVE;
				GCC_WARN_UNUSED_FUNCTION = YES;
				GCC_WARN_UNUSED_VARIABLE = YES;
				MACOSX_DEPLOYMENT_TARGET = 10.14;
				MTL_ENABLE_DEBUG_INFO = INCLUDE_SOURCE;
				MTL_FAST_MATH = YES;
				ONLY_ACTIVE_ARCH = YES;
				SDKROOT = macosx;
				SWIFT_ACTIVE_COMPILATION_CONDITIONS = DEBUG;
				SWIFT_OPTIMIZATION_LEVEL = "-Onone";
			};
			name = Debug;
		};
		8AE1917E2315045D006CD958 /* Release */ = {
			isa = XCBuildConfiguration;
			buildSettings = {
				ALWAYS_SEARCH_USER_PATHS = NO;
				CLANG_ANALYZER_NONNULL = YES;
				CLANG_ANALYZER_NUMBER_OBJECT_CONVERSION = YES_AGGRESSIVE;
				CLANG_CXX_LANGUAGE_STANDARD = "gnu++14";
				CLANG_CXX_LIBRARY = "libc++";
				CLANG_ENABLE_MODULES = YES;
				CLANG_ENABLE_OBJC_ARC = YES;
				CLANG_ENABLE_OBJC_WEAK = YES;
				CLANG_WARN_BLOCK_CAPTURE_AUTORELEASING = YES;
				CLANG_WARN_BOOL_CONVERSION = YES;
				CLANG_WARN_COMMA = YES;
				CLANG_WARN_CONSTANT_CONVERSION = YES;
				CLANG_WARN_DEPRECATED_OBJC_IMPLEMENTATIONS = YES;
				CLANG_WARN_DIRECT_OBJC_ISA_USAGE = YES_ERROR;
				CLANG_WARN_DOCUMENTATION_COMMENTS = YES;
				CLANG_WARN_EMPTY_BODY = YES;
				CLANG_WARN_ENUM_CONVERSION = YES;
				CLANG_WARN_INFINITE_RECURSION = YES;
				CLANG_WARN_INT_CONVERSION = YES;
				CLANG_WARN_NON_LITERAL_NULL_CONVERSION = YES;
				CLANG_WARN_OBJC_IMPLICIT_RETAIN_SELF = YES;
				CLANG_WARN_OBJC_LITERAL_CONVERSION = YES;
				CLANG_WARN_OBJC_ROOT_CLASS = YES_ERROR;
				CLANG_WARN_RANGE_LOOP_ANALYSIS = YES;
				CLANG_WARN_STRICT_PROTOTYPES = YES;
				CLANG_WARN_SUSPICIOUS_MOVE = YES;
				CLANG_WARN_UNGUARDED_AVAILABILITY = YES_AGGRESSIVE;
				CLANG_WARN_UNREACHABLE_CODE = YES;
				CLANG_WARN__DUPLICATE_METHOD_MATCH = YES;
				CODE_SIGN_IDENTITY = "Mac Developer";
				COPY_PHASE_STRIP = NO;
				DEBUG_INFORMATION_FORMAT = "dwarf-with-dsym";
				ENABLE_NS_ASSERTIONS = NO;
				ENABLE_STRICT_OBJC_MSGSEND = YES;
				GCC_C_LANGUAGE_STANDARD = gnu11;
				GCC_NO_COMMON_BLOCKS = YES;
				GCC_WARN_64_TO_32_BIT_CONVERSION = YES;
				GCC_WARN_ABOUT_RETURN_TYPE = YES_ERROR;
				GCC_WARN_UNDECLARED_SELECTOR = YES;
				GCC_WARN_UNINITIALIZED_AUTOS = YES_AGGRESSIVE;
				GCC_WARN_UNUSED_FUNCTION = YES;
				GCC_WARN_UNUSED_VARIABLE = YES;
				MACOSX_DEPLOYMENT_TARGET = 10.14;
				MTL_ENABLE_DEBUG_INFO = NO;
				MTL_FAST_MATH = YES;
				SDKROOT = macosx;
				SWIFT_COMPILATION_MODE = wholemodule;
				SWIFT_OPTIMIZATION_LEVEL = "-O";
			};
			name = Release;
		};
		8AE191802315045D006CD958 /* Debug */ = {
			isa = XCBuildConfiguration;
			buildSettings = {
				ASSETCATALOG_COMPILER_APPICON_NAME = AppIcon;
				CODE_SIGN_ENTITLEMENTS = MotusLabTool/MotusLabTool.entitlements;
				CODE_SIGN_STYLE = Automatic;
				COMBINE_HIDPI_IMAGES = YES;
				DEVELOPMENT_TEAM = DFX9ZZ4E5P;
				ENABLE_HARDENED_RUNTIME = YES;
				INFOPLIST_FILE = MotusLabTool/Info.plist;
				LD_RUNPATH_SEARCH_PATHS = (
					"$(inherited)",
					"@executable_path/../Frameworks",
				);
				MACOSX_DEPLOYMENT_TARGET = 10.13;
				PRODUCT_BUNDLE_IDENTIFIER = com.pierrecouprie.MotusLabTool;
				PRODUCT_NAME = "$(TARGET_NAME)";
				SWIFT_VERSION = 5.0;
			};
			name = Debug;
		};
		8AE191812315045D006CD958 /* Release */ = {
			isa = XCBuildConfiguration;
			buildSettings = {
				ASSETCATALOG_COMPILER_APPICON_NAME = AppIcon;
				CODE_SIGN_ENTITLEMENTS = MotusLabTool/MotusLabTool.entitlements;
				CODE_SIGN_STYLE = Automatic;
				COMBINE_HIDPI_IMAGES = YES;
				DEVELOPMENT_TEAM = DFX9ZZ4E5P;
				ENABLE_HARDENED_RUNTIME = YES;
				INFOPLIST_FILE = MotusLabTool/Info.plist;
				LD_RUNPATH_SEARCH_PATHS = (
					"$(inherited)",
					"@executable_path/../Frameworks",
				);
				MACOSX_DEPLOYMENT_TARGET = 10.13;
				PRODUCT_BUNDLE_IDENTIFIER = com.pierrecouprie.MotusLabTool;
				PRODUCT_NAME = "$(TARGET_NAME)";
				SWIFT_VERSION = 5.0;
			};
			name = Release;
		};
/* End XCBuildConfiguration section */

/* Begin XCConfigurationList section */
		8AE1916A2315045C006CD958 /* Build configuration list for PBXProject "MotusLabTool" */ = {
			isa = XCConfigurationList;
			buildConfigurations = (
				8AE1917D2315045D006CD958 /* Debug */,
				8AE1917E2315045D006CD958 /* Release */,
			);
			defaultConfigurationIsVisible = 0;
			defaultConfigurationName = Release;
		};
		8AE1917F2315045D006CD958 /* Build configuration list for PBXNativeTarget "MotusLabTool" */ = {
			isa = XCConfigurationList;
			buildConfigurations = (
				8AE191802315045D006CD958 /* Debug */,
				8AE191812315045D006CD958 /* Release */,
			);
			defaultConfigurationIsVisible = 0;
			defaultConfigurationName = Release;
		};
/* End XCConfigurationList section */
	};
	rootObject = 8AE191672315045C006CD958 /* Project object */;
}
